// !$*UTF8*$!
{
	archiveVersion = 1;
	classes = {
	};
	objectVersion = 46;
	objects = {

/* Begin PBXBuildFile section */
		40DE7FD91B57A74900C29476 /* main.m in Sources */ = {isa = PBXBuildFile; fileRef = 40DE7FD81B57A74900C29476 /* main.m */; };
		40DE7FDC1B57A74900C29476 /* AppDelegate.m in Sources */ = {isa = PBXBuildFile; fileRef = 40DE7FDB1B57A74900C29476 /* AppDelegate.m */; };
		40DE7FDF1B57A74900C29476 /* ViewController.m in Sources */ = {isa = PBXBuildFile; fileRef = 40DE7FDE1B57A74900C29476 /* ViewController.m */; };
		40DE7FE21B57A74900C29476 /* Main.storyboard in Resources */ = {isa = PBXBuildFile; fileRef = 40DE7FE01B57A74900C29476 /* Main.storyboard */; };
		40DE7FE41B57A74900C29476 /* Images.xcassets in Resources */ = {isa = PBXBuildFile; fileRef = 40DE7FE31B57A74900C29476 /* Images.xcassets */; };
		40DE7FE71B57A74900C29476 /* LaunchScreen.xib in Resources */ = {isa = PBXBuildFile; fileRef = 40DE7FE51B57A74900C29476 /* LaunchScreen.xib */; };
		40DE7FF31B57A74900C29476 /* YXTMotionViewDemoTests.m in Sources */ = {isa = PBXBuildFile; fileRef = 40DE7FF21B57A74900C29476 /* YXTMotionViewDemoTests.m */; };
		40DE800D1B57A7A600C29476 /* UIScrollView+YXTScrollIndicator.m in Sources */ = {isa = PBXBuildFile; fileRef = 40DE80081B57A7A600C29476 /* UIScrollView+YXTScrollIndicator.m */; };
		40DE800E1B57A7A600C29476 /* YXTMotionView.m in Sources */ = {isa = PBXBuildFile; fileRef = 40DE800A1B57A7A600C29476 /* YXTMotionView.m */; };
		40DE800F1B57A7A600C29476 /* YXTZoomScrollView.m in Sources */ = {isa = PBXBuildFile; fileRef = 40DE800C1B57A7A600C29476 /* YXTZoomScrollView.m */; };
/* End PBXBuildFile section */

/* Begin PBXContainerItemProxy section */
		40DE7FED1B57A74900C29476 /* PBXContainerItemProxy */ = {
			isa = PBXContainerItemProxy;
			containerPortal = 40DE7FCB1B57A74900C29476 /* Project object */;
			proxyType = 1;
			remoteGlobalIDString = 40DE7FD21B57A74900C29476;
			remoteInfo = YXTMotionViewDemo;
		};
/* End PBXContainerItemProxy section */

/* Begin PBXFileReference section */
		40DE7FD31B57A74900C29476 /* YXTMotionViewDemo.app */ = {isa = PBXFileReference; explicitFileType = wrapper.application; includeInIndex = 0; path = YXTMotionViewDemo.app; sourceTree = BUILT_PRODUCTS_DIR; };
		40DE7FD71B57A74900C29476 /* Info.plist */ = {isa = PBXFileReference; lastKnownFileType = text.plist.xml; path = Info.plist; sourceTree = "<group>"; };
		40DE7FD81B57A74900C29476 /* main.m */ = {isa = PBXFileReference; lastKnownFileType = sourcecode.c.objc; path = main.m; sourceTree = "<group>"; };
		40DE7FDA1B57A74900C29476 /* AppDelegate.h */ = {isa = PBXFileReference; lastKnownFileType = sourcecode.c.h; path = AppDelegate.h; sourceTree = "<group>"; };
		40DE7FDB1B57A74900C29476 /* AppDelegate.m */ = {isa = PBXFileReference; lastKnownFileType = sourcecode.c.objc; path = AppDelegate.m; sourceTree = "<group>"; };
		40DE7FDD1B57A74900C29476 /* ViewController.h */ = {isa = PBXFileReference; lastKnownFileType = sourcecode.c.h; path = ViewController.h; sourceTree = "<group>"; };
		40DE7FDE1B57A74900C29476 /* ViewController.m */ = {isa = PBXFileReference; lastKnownFileType = sourcecode.c.objc; path = ViewController.m; sourceTree = "<group>"; };
		40DE7FE11B57A74900C29476 /* Base */ = {isa = PBXFileReference; lastKnownFileType = file.storyboard; name = Base; path = Base.lproj/Main.storyboard; sourceTree = "<group>"; };
		40DE7FE31B57A74900C29476 /* Images.xcassets */ = {isa = PBXFileReference; lastKnownFileType = folder.assetcatalog; path = Images.xcassets; sourceTree = "<group>"; };
		40DE7FE61B57A74900C29476 /* Base */ = {isa = PBXFileReference; lastKnownFileType = file.xib; name = Base; path = Base.lproj/LaunchScreen.xib; sourceTree = "<group>"; };
		40DE7FEC1B57A74900C29476 /* YXTMotionViewDemoTests.xctest */ = {isa = PBXFileReference; explicitFileType = wrapper.cfbundle; includeInIndex = 0; path = YXTMotionViewDemoTests.xctest; sourceTree = BUILT_PRODUCTS_DIR; };
		40DE7FF11B57A74900C29476 /* Info.plist */ = {isa = PBXFileReference; lastKnownFileType = text.plist.xml; path = Info.plist; sourceTree = "<group>"; };
		40DE7FF21B57A74900C29476 /* YXTMotionViewDemoTests.m */ = {isa = PBXFileReference; lastKnownFileType = sourcecode.c.objc; path = YXTMotionViewDemoTests.m; sourceTree = "<group>"; };
		40DE80071B57A7A600C29476 /* UIScrollView+YXTScrollIndicator.h */ = {isa = PBXFileReference; fileEncoding = 4; lastKnownFileType = sourcecode.c.h; path = "UIScrollView+YXTScrollIndicator.h"; sourceTree = "<group>"; };
		40DE80081B57A7A600C29476 /* UIScrollView+YXTScrollIndicator.m */ = {isa = PBXFileReference; fileEncoding = 4; lastKnownFileType = sourcecode.c.objc; path = "UIScrollView+YXTScrollIndicator.m"; sourceTree = "<group>"; };
		40DE80091B57A7A600C29476 /* YXTMotionView.h */ = {isa = PBXFileReference; fileEncoding = 4; lastKnownFileType = sourcecode.c.h; path = YXTMotionView.h; sourceTree = "<group>"; };
		40DE800A1B57A7A600C29476 /* YXTMotionView.m */ = {isa = PBXFileReference; fileEncoding = 4; lastKnownFileType = sourcecode.c.objc; path = YXTMotionView.m; sourceTree = "<group>"; };
		40DE800B1B57A7A600C29476 /* YXTZoomScrollView.h */ = {isa = PBXFileReference; fileEncoding = 4; lastKnownFileType = sourcecode.c.h; path = YXTZoomScrollView.h; sourceTree = "<group>"; };
		40DE800C1B57A7A600C29476 /* YXTZoomScrollView.m */ = {isa = PBXFileReference; fileEncoding = 4; lastKnownFileType = sourcecode.c.objc; path = YXTZoomScrollView.m; sourceTree = "<group>"; };
/* End PBXFileReference section */

/* Begin PBXFrameworksBuildPhase section */
		40DE7FD01B57A74900C29476 /* Frameworks */ = {
			isa = PBXFrameworksBuildPhase;
			buildActionMask = 2147483647;
			files = (
			);
			runOnlyForDeploymentPostprocessing = 0;
		};
		40DE7FE91B57A74900C29476 /* Frameworks */ = {
			isa = PBXFrameworksBuildPhase;
			buildActionMask = 2147483647;
			files = (
			);
			runOnlyForDeploymentPostprocessing = 0;
		};
/* End PBXFrameworksBuildPhase section */

/* Begin PBXGroup section */
		40DE7FCA1B57A74900C29476 = {
			isa = PBXGroup;
			children = (
				40DE80061B57A7A600C29476 /* YXTMotionView */,
				40DE7FD51B57A74900C29476 /* YXTMotionViewDemo */,
				40DE7FEF1B57A74900C29476 /* YXTMotionViewDemoTests */,
				40DE7FD41B57A74900C29476 /* Products */,
			);
			sourceTree = "<group>";
		};
		40DE7FD41B57A74900C29476 /* Products */ = {
			isa = PBXGroup;
			children = (
				40DE7FD31B57A74900C29476 /* YXTMotionViewDemo.app */,
				40DE7FEC1B57A74900C29476 /* YXTMotionViewDemoTests.xctest */,
			);
			name = Products;
			sourceTree = "<group>";
		};
		40DE7FD51B57A74900C29476 /* YXTMotionViewDemo */ = {
			isa = PBXGroup;
			children = (
				40DE7FDA1B57A74900C29476 /* AppDelegate.h */,
				40DE7FDB1B57A74900C29476 /* AppDelegate.m */,
				40DE7FDD1B57A74900C29476 /* ViewController.h */,
				40DE7FDE1B57A74900C29476 /* ViewController.m */,
				40DE7FE01B57A74900C29476 /* Main.storyboard */,
				40DE7FE31B57A74900C29476 /* Images.xcassets */,
				40DE7FE51B57A74900C29476 /* LaunchScreen.xib */,
				40DE7FD61B57A74900C29476 /* Supporting Files */,
			);
			path = YXTMotionViewDemo;
			sourceTree = "<group>";
		};
		40DE7FD61B57A74900C29476 /* Supporting Files */ = {
			isa = PBXGroup;
			children = (
				40DE7FD71B57A74900C29476 /* Info.plist */,
				40DE7FD81B57A74900C29476 /* main.m */,
			);
			name = "Supporting Files";
			sourceTree = "<group>";
		};
		40DE7FEF1B57A74900C29476 /* YXTMotionViewDemoTests */ = {
			isa = PBXGroup;
			children = (
				40DE7FF21B57A74900C29476 /* YXTMotionViewDemoTests.m */,
				40DE7FF01B57A74900C29476 /* Supporting Files */,
			);
			path = YXTMotionViewDemoTests;
			sourceTree = "<group>";
		};
		40DE7FF01B57A74900C29476 /* Supporting Files */ = {
			isa = PBXGroup;
			children = (
				40DE7FF11B57A74900C29476 /* Info.plist */,
			);
			name = "Supporting Files";
			sourceTree = "<group>";
		};
		40DE80061B57A7A600C29476 /* YXTMotionView */ = {
			isa = PBXGroup;
			children = (
				40DE80071B57A7A600C29476 /* UIScrollView+YXTScrollIndicator.h */,
				40DE80081B57A7A600C29476 /* UIScrollView+YXTScrollIndicator.m */,
				40DE80091B57A7A600C29476 /* YXTMotionView.h */,
				40DE800A1B57A7A600C29476 /* YXTMotionView.m */,
				40DE800B1B57A7A600C29476 /* YXTZoomScrollView.h */,
				40DE800C1B57A7A600C29476 /* YXTZoomScrollView.m */,
			);
			name = YXTMotionView;
			path = ../YXTMotionView;
			sourceTree = "<group>";
		};
/* End PBXGroup section */

/* Begin PBXNativeTarget section */
		40DE7FD21B57A74900C29476 /* YXTMotionViewDemo */ = {
			isa = PBXNativeTarget;
			buildConfigurationList = 40DE7FF61B57A74900C29476 /* Build configuration list for PBXNativeTarget "YXTMotionViewDemo" */;
			buildPhases = (
				40DE7FCF1B57A74900C29476 /* Sources */,
				40DE7FD01B57A74900C29476 /* Frameworks */,
				40DE7FD11B57A74900C29476 /* Resources */,
			);
			buildRules = (
			);
			dependencies = (
			);
			name = YXTMotionViewDemo;
			productName = YXTMotionViewDemo;
			productReference = 40DE7FD31B57A74900C29476 /* YXTMotionViewDemo.app */;
			productType = "com.apple.product-type.application";
		};
		40DE7FEB1B57A74900C29476 /* YXTMotionViewDemoTests */ = {
			isa = PBXNativeTarget;
			buildConfigurationList = 40DE7FF91B57A74900C29476 /* Build configuration list for PBXNativeTarget "YXTMotionViewDemoTests" */;
			buildPhases = (
				40DE7FE81B57A74900C29476 /* Sources */,
				40DE7FE91B57A74900C29476 /* Frameworks */,
				40DE7FEA1B57A74900C29476 /* Resources */,
			);
			buildRules = (
			);
			dependencies = (
				40DE7FEE1B57A74900C29476 /* PBXTargetDependency */,
			);
			name = YXTMotionViewDemoTests;
			productName = YXTMotionViewDemoTests;
			productReference = 40DE7FEC1B57A74900C29476 /* YXTMotionViewDemoTests.xctest */;
			productType = "com.apple.product-type.bundle.unit-test";
		};
/* End PBXNativeTarget section */

/* Begin PBXProject section */
		40DE7FCB1B57A74900C29476 /* Project object */ = {
			isa = PBXProject;
			attributes = {
				LastUpgradeCheck = 0640;
				ORGANIZATIONNAME = Hanton;
				TargetAttributes = {
					40DE7FD21B57A74900C29476 = {
						CreatedOnToolsVersion = 6.4;
					};
					40DE7FEB1B57A74900C29476 = {
						CreatedOnToolsVersion = 6.4;
						TestTargetID = 40DE7FD21B57A74900C29476;
					};
				};
			};
			buildConfigurationList = 40DE7FCE1B57A74900C29476 /* Build configuration list for PBXProject "YXTMotionViewDemo" */;
			compatibilityVersion = "Xcode 3.2";
			developmentRegion = English;
			hasScannedForEncodings = 0;
			knownRegions = (
				en,
				Base,
			);
			mainGroup = 40DE7FCA1B57A74900C29476;
			productRefGroup = 40DE7FD41B57A74900C29476 /* Products */;
			projectDirPath = "";
			projectRoot = "";
			targets = (
				40DE7FD21B57A74900C29476 /* YXTMotionViewDemo */,
				40DE7FEB1B57A74900C29476 /* YXTMotionViewDemoTests */,
			);
		};
/* End PBXProject section */

/* Begin PBXResourcesBuildPhase section */
		40DE7FD11B57A74900C29476 /* Resources */ = {
			isa = PBXResourcesBuildPhase;
			buildActionMask = 2147483647;
			files = (
				40DE7FE21B57A74900C29476 /* Main.storyboard in Resources */,
				40DE7FE71B57A74900C29476 /* LaunchScreen.xib in Resources */,
				40DE7FE41B57A74900C29476 /* Images.xcassets in Resources */,
			);
			runOnlyForDeploymentPostprocessing = 0;
		};
		40DE7FEA1B57A74900C29476 /* Resources */ = {
			isa = PBXResourcesBuildPhase;
			buildActionMask = 2147483647;
			files = (
			);
			runOnlyForDeploymentPostprocessing = 0;
		};
/* End PBXResourcesBuildPhase section */

/* Begin PBXSourcesBuildPhase section */
		40DE7FCF1B57A74900C29476 /* Sources */ = {
			isa = PBXSourcesBuildPhase;
			buildActionMask = 2147483647;
			files = (
				40DE800E1B57A7A600C29476 /* YXTMotionView.m in Sources */,
				40DE800D1B57A7A600C29476 /* UIScrollView+YXTScrollIndicator.m in Sources */,
				40DE7FDF1B57A74900C29476 /* ViewController.m in Sources */,
				40DE7FDC1B57A74900C29476 /* AppDelegate.m in Sources */,
				40DE800F1B57A7A600C29476 /* YXTZoomScrollView.m in Sources */,
				40DE7FD91B57A74900C29476 /* main.m in Sources */,
			);
			runOnlyForDeploymentPostprocessing = 0;
		};
		40DE7FE81B57A74900C29476 /* Sources */ = {
			isa = PBXSourcesBuildPhase;
			buildActionMask = 2147483647;
			files = (
				40DE7FF31B57A74900C29476 /* YXTMotionViewDemoTests.m in Sources */,
			);
			runOnlyForDeploymentPostprocessing = 0;
		};
/* End PBXSourcesBuildPhase section */

/* Begin PBXTargetDependency section */
		40DE7FEE1B57A74900C29476 /* PBXTargetDependency */ = {
			isa = PBXTargetDependency;
			target = 40DE7FD21B57A74900C29476 /* YXTMotionViewDemo */;
			targetProxy = 40DE7FED1B57A74900C29476 /* PBXContainerItemProxy */;
		};
/* End PBXTargetDependency section */

/* Begin PBXVariantGroup section */
		40DE7FE01B57A74900C29476 /* Main.storyboard */ = {
			isa = PBXVariantGroup;
			children = (
				40DE7FE11B57A74900C29476 /* Base */,
			);
			name = Main.storyboard;
			sourceTree = "<group>";
		};
		40DE7FE51B57A74900C29476 /* LaunchScreen.xib */ = {
			isa = PBXVariantGroup;
			children = (
				40DE7FE61B57A74900C29476 /* Base */,
			);
			name = LaunchScreen.xib;
			sourceTree = "<group>";
		};
/* End PBXVariantGroup section */

/* Begin XCBuildConfiguration section */
		40DE7FF41B57A74900C29476 /* Debug */ = {
			isa = XCBuildConfiguration;
			buildSettings = {
				ALWAYS_SEARCH_USER_PATHS = NO;
				CLANG_CXX_LANGUAGE_STANDARD = "gnu++0x";
				CLANG_CXX_LIBRARY = "libc++";
				CLANG_ENABLE_MODULES = YES;
				CLANG_ENABLE_OBJC_ARC = YES;
				CLANG_WARN_BOOL_CONVERSION = YES;
				CLANG_WARN_CONSTANT_CONVERSION = YES;
				CLANG_WARN_DIRECT_OBJC_ISA_USAGE = YES_ERROR;
				CLANG_WARN_EMPTY_BODY = YES;
				CLANG_WARN_ENUM_CONVERSION = YES;
				CLANG_WARN_INT_CONVERSION = YES;
				CLANG_WARN_OBJC_ROOT_CLASS = YES_ERROR;
				CLANG_WARN_UNREACHABLE_CODE = YES;
				CLANG_WARN__DUPLICATE_METHOD_MATCH = YES;
				"CODE_SIGN_IDENTITY[sdk=iphoneos*]" = "iPhone Developer";
				COPY_PHASE_STRIP = NO;
				DEBUG_INFORMATION_FORMAT = "dwarf-with-dsym";
				ENABLE_STRICT_OBJC_MSGSEND = YES;
				GCC_C_LANGUAGE_STANDARD = gnu99;
				GCC_DYNAMIC_NO_PIC = NO;
				GCC_NO_COMMON_BLOCKS = YES;
				GCC_OPTIMIZATION_LEVEL = 0;
				GCC_PREPROCESSOR_DEFINITIONS = (
					"DEBUG=1",
					"$(inherited)",
				);
				GCC_SYMBOLS_PRIVATE_EXTERN = NO;
				GCC_WARN_64_TO_32_BIT_CONVERSION = YES;
				GCC_WARN_ABOUT_RETURN_TYPE = YES_ERROR;
				GCC_WARN_UNDECLARED_SELECTOR = YES;
				GCC_WARN_UNINITIALIZED_AUTOS = YES_AGGRESSIVE;
				GCC_WARN_UNUSED_FUNCTION = YES;
				GCC_WARN_UNUSED_VARIABLE = YES;
				IPHONEOS_DEPLOYMENT_TARGET = 8.4;
				MTL_ENABLE_DEBUG_INFO = YES;
				ONLY_ACTIVE_ARCH = YES;
				SDKROOT = iphoneos;
				TARGETED_DEVICE_FAMILY = "1,2";
			};
			name = Debug;
		};
		40DE7FF51B57A74900C29476 /* Release */ = {
			isa = XCBuildConfiguration;
			buildSettings = {
				ALWAYS_SEARCH_USER_PATHS = NO;
				CLANG_CXX_LANGUAGE_STANDARD = "gnu++0x";
				CLANG_CXX_LIBRARY = "libc++";
				CLANG_ENABLE_MODULES = YES;
				CLANG_ENABLE_OBJC_ARC = YES;
				CLANG_WARN_BOOL_CONVERSION = YES;
				CLANG_WARN_CONSTANT_CONVERSION = YES;
				CLANG_WARN_DIRECT_OBJC_ISA_USAGE = YES_ERROR;
				CLANG_WARN_EMPTY_BODY = YES;
				CLANG_WARN_ENUM_CONVERSION = YES;
				CLANG_WARN_INT_CONVERSION = YES;
				CLANG_WARN_OBJC_ROOT_CLASS = YES_ERROR;
				CLANG_WARN_UNREACHABLE_CODE = YES;
				CLANG_WARN__DUPLICATE_METHOD_MATCH = YES;
				"CODE_SIGN_IDENTITY[sdk=iphoneos*]" = "iPhone Developer";
				COPY_PHASE_STRIP = NO;
				DEBUG_INFORMATION_FORMAT = "dwarf-with-dsym";
				ENABLE_NS_ASSERTIONS = NO;
				ENABLE_STRICT_OBJC_MSGSEND = YES;
				GCC_C_LANGUAGE_STANDARD = gnu99;
				GCC_NO_COMMON_BLOCKS = YES;
				GCC_WARN_64_TO_32_BIT_CONVERSION = YES;
				GCC_WARN_ABOUT_RETURN_TYPE = YES_ERROR;
				GCC_WARN_UNDECLARED_SELECTOR = YES;
				GCC_WARN_UNINITIALIZED_AUTOS = YES_AGGRESSIVE;
				GCC_WARN_UNUSED_FUNCTION = YES;
				GCC_WARN_UNUSED_VARIABLE = YES;
				IPHONEOS_DEPLOYMENT_TARGET = 8.4;
				MTL_ENABLE_DEBUG_INFO = NO;
				SDKROOT = iphoneos;
				TARGETED_DEVICE_FAMILY = "1,2";
				VALIDATE_PRODUCT = YES;
			};
			name = Release;
		};
		40DE7FF71B57A74900C29476 /* Debug */ = {
			isa = XCBuildConfiguration;
			buildSettings = {
				ASSETCATALOG_COMPILER_APPICON_NAME = AppIcon;
				INFOPLIST_FILE = YXTMotionViewDemo/Info.plist;
				LD_RUNPATH_SEARCH_PATHS = "$(inherited) @executable_path/Frameworks";
				PRODUCT_NAME = "$(TARGET_NAME)";
			};
			name = Debug;
		};
		40DE7FF81B57A74900C29476 /* Release */ = {
			isa = XCBuildConfiguration;
			buildSettings = {
				ASSETCATALOG_COMPILER_APPICON_NAME = AppIcon;
				INFOPLIST_FILE = YXTMotionViewDemo/Info.plist;
				LD_RUNPATH_SEARCH_PATHS = "$(inherited) @executable_path/Frameworks";
				PRODUCT_NAME = "$(TARGET_NAME)";
			};
			name = Release;
		};
		40DE7FFA1B57A74900C29476 /* Debug */ = {
			isa = XCBuildConfiguration;
			buildSettings = {
				BUNDLE_LOADER = "$(TEST_HOST)";
				FRAMEWORK_SEARCH_PATHS = (
					"$(SDKROOT)/Developer/Library/Frameworks",
					"$(inherited)",
				);
				GCC_PREPROCESSOR_DEFINITIONS = (
					"DEBUG=1",
					"$(inherited)",
				);
				INFOPLIST_FILE = YXTMotionViewDemoTests/Info.plist;
				LD_RUNPATH_SEARCH_PATHS = "$(inherited) @executable_path/Frameworks @loader_path/Frameworks";
				PRODUCT_NAME = "$(TARGET_NAME)";
				TEST_HOST = "$(BUILT_PRODUCTS_DIR)/YXTMotionViewDemo.app/YXTMotionViewDemo";
			};
			name = Debug;
		};
		40DE7FFB1B57A74900C29476 /* Release */ = {
			isa = XCBuildConfiguration;
			buildSettings = {
				BUNDLE_LOADER = "$(TEST_HOST)";
				FRAMEWORK_SEARCH_PATHS = (
					"$(SDKROOT)/Developer/Library/Frameworks",
					"$(inherited)",
				);
				INFOPLIST_FILE = YXTMotionViewDemoTests/Info.plist;
				LD_RUNPATH_SEARCH_PATHS = "$(inherited) @executable_path/Frameworks @loader_path/Frameworks";
				PRODUCT_NAME = "$(TARGET_NAME)";
				TEST_HOST = "$(BUILT_PRODUCTS_DIR)/YXTMotionViewDemo.app/YXTMotionViewDemo";
			};
			name = Release;
		};
/* End XCBuildConfiguration section */

/* Begin XCConfigurationList section */
		40DE7FCE1B57A74900C29476 /* Build configuration list for PBXProject "YXTMotionViewDemo" */ = {
			isa = XCConfigurationList;
			buildConfigurations = (
				40DE7FF41B57A74900C29476 /* Debug */,
				40DE7FF51B57A74900C29476 /* Release */,
			);
			defaultConfigurationIsVisible = 0;
			defaultConfigurationName = Release;
		};
		40DE7FF61B57A74900C29476 /* Build configuration list for PBXNativeTarget "YXTMotionViewDemo" */ = {
			isa = XCConfigurationList;
			buildConfigurations = (
				40DE7FF71B57A74900C29476 /* Debug */,
				40DE7FF81B57A74900C29476 /* Release */,
			);
			defaultConfigurationIsVisible = 0;
			defaultConfigurationName = Release;
		};
		40DE7FF91B57A74900C29476 /* Build configuration list for PBXNativeTarget "YXTMotionViewDemoTests" */ = {
			isa = XCConfigurationList;
			buildConfigurations = (
				40DE7FFA1B57A74900C29476 /* Debug */,
				40DE7FFB1B57A74900C29476 /* Release */,
			);
			defaultConfigurationIsVisible = 0;
			defaultConfigurationName = Release;
		};
/* End XCConfigurationList section */
	};
	rootObject = 40DE7FCB1B57A74900C29476 /* Project object */;
}
